
Microsoft Visual Studio Solution File, Format Version 12.00
# Visual Studio Version 17
VisualStudioVersion = 17.1.32421.90
MinimumVisualStudioVersion = 10.0.40219.1
Project("{FAE04EC0-301F-11D3-BF4B-00C04F79EFBC}") = "May3Homework", "May3Homework\May3Homework.csproj", "{D2C67058-87F0-4E8C-84FB-8573B7B95D56}"
EndProject
Global
	GlobalSection(SolutionConfigurationPlatforms) = preSolution
		Debug|Any CPU = Debug|Any CPU
		Release|Any CPU = Release|Any CPU
	EndGlobalSection
	GlobalSection(ProjectConfigurationPlatforms) = postSolution
		{D2C67058-87F0-4E8C-84FB-8573B7B95D56}.Debug|Any CPU.ActiveCfg = Debug|Any CPU
		{D2C67058-87F0-4E8C-84FB-8573B7B95D56}.Debug|Any CPU.Build.0 = Debug|Any CPU
		{D2C67058-87F0-4E8C-84FB-8573B7B95D56}.Release|Any CPU.ActiveCfg = Release|Any CPU
		{D2C67058-87F0-4E8C-84FB-8573B7B95D56}.Release|Any CPU.Build.0 = Release|Any CPU
	EndGlobalSection
	GlobalSection(SolutionProperties) = preSolution
		HideSolutionNode = FALSE
	EndGlobalSection
	GlobalSection(ExtensibilityGlobals) = postSolution
		SolutionGuid = {7C544A35-5913-4657-8640-258980323953}
	EndGlobalSection
EndGlobal
